// !$*UTF8*$!
{
	archiveVersion = 1;
	classes = {
	};
	objectVersion = 55;
	objects = {

/* Begin PBXBuildFile section */
		8F2B820D289E1568001A6B43 /* AppDelegate.swift in Sources */ = {isa = PBXBuildFile; fileRef = 8F2B820C289E1568001A6B43 /* AppDelegate.swift */; };
		8F2B820F289E1569001A6B43 /* SceneDelegate.swift in Sources */ = {isa = PBXBuildFile; fileRef = 8F2B820E289E1569001A6B43 /* SceneDelegate.swift */; };
		8F2B8211289E1569001A6B43 /* ViewController.swift in Sources */ = {isa = PBXBuildFile; fileRef = 8F2B8210289E1569001A6B43 /* ViewController.swift */; };
		8F2B8214289E1569001A6B43 /* Main.storyboard in Resources */ = {isa = PBXBuildFile; fileRef = 8F2B8212289E1569001A6B43 /* Main.storyboard */; };
		8F2B8216289E156C001A6B43 /* Assets.xcassets in Resources */ = {isa = PBXBuildFile; fileRef = 8F2B8215289E156C001A6B43 /* Assets.xcassets */; };
		8F2B8219289E156C001A6B43 /* LaunchScreen.storyboard in Resources */ = {isa = PBXBuildFile; fileRef = 8F2B8217289E156C001A6B43 /* LaunchScreen.storyboard */; };
		8F2B8222289E1585001A6B43 /* SmoothFrame.swift in Sources */ = {isa = PBXBuildFile; fileRef = 8F2B8221289E1585001A6B43 /* SmoothFrame.swift */; };
		8F2B8224289FDC25001A6B43 /* README.md in Resources */ = {isa = PBXBuildFile; fileRef = 8F2B8223289FDC25001A6B43 /* README.md */; };
/* End PBXBuildFile section */

/* Begin PBXFileReference section */
		8F2B8209289E1568001A6B43 /* SmoothFrame.app */ = {isa = PBXFileReference; explicitFileType = wrapper.application; includeInIndex = 0; path = SmoothFrame.app; sourceTree = BUILT_PRODUCTS_DIR; };
		8F2B820C289E1568001A6B43 /* AppDelegate.swift */ = {isa = PBXFileReference; lastKnownFileType = sourcecode.swift; path = AppDelegate.swift; sourceTree = "<group>"; };
		8F2B820E289E1569001A6B43 /* SceneDelegate.swift */ = {isa = PBXFileReference; lastKnownFileType = sourcecode.swift; path = SceneDelegate.swift; sourceTree = "<group>"; };
		8F2B8210289E1569001A6B43 /* ViewController.swift */ = {isa = PBXFileReference; lastKnownFileType = sourcecode.swift; path = ViewController.swift; sourceTree = "<group>"; };
		8F2B8213289E1569001A6B43 /* Base */ = {isa = PBXFileReference; lastKnownFileType = file.storyboard; name = Base; path = Base.lproj/Main.storyboard; sourceTree = "<group>"; };
		8F2B8215289E156C001A6B43 /* Assets.xcassets */ = {isa = PBXFileReference; lastKnownFileType = folder.assetcatalog; path = Assets.xcassets; sourceTree = "<group>"; };
		8F2B8218289E156C001A6B43 /* Base */ = {isa = PBXFileReference; lastKnownFileType = file.storyboard; name = Base; path = Base.lproj/LaunchScreen.storyboard; sourceTree = "<group>"; };
		8F2B821A289E156C001A6B43 /* Info.plist */ = {isa = PBXFileReference; lastKnownFileType = text.plist.xml; path = Info.plist; sourceTree = "<group>"; };
		8F2B8221289E1585001A6B43 /* SmoothFrame.swift */ = {isa = PBXFileReference; lastKnownFileType = sourcecode.swift; path = SmoothFrame.swift; sourceTree = "<group>"; };
		8F2B8223289FDC25001A6B43 /* README.md */ = {isa = PBXFileReference; fileEncoding = 4; lastKnownFileType = net.daringfireball.markdown; path = README.md; sourceTree = SOURCE_ROOT; };
/* End PBXFileReference section */

/* Begin PBXFrameworksBuildPhase section */
		8F2B8206289E1568001A6B43 /* Frameworks */ = {
			isa = PBXFrameworksBuildPhase;
			buildActionMask = 2147483647;
			files = (
			);
			runOnlyForDeploymentPostprocessing = 0;
		};
/* End PBXFrameworksBuildPhase section */

/* Begin PBXGroup section */
		8F2B8200289E1568001A6B43 = {
			isa = PBXGroup;
			children = (
				8F2B820B289E1568001A6B43 /* SmoothFrame */,
				8F2B820A289E1568001A6B43 /* Products */,
			);
			sourceTree = "<group>";
		};
		8F2B820A289E1568001A6B43 /* Products */ = {
			isa = PBXGroup;
			children = (
				8F2B8209289E1568001A6B43 /* SmoothFrame.app */,
			);
			name = Products;
			sourceTree = "<group>";
		};
		8F2B820B289E1568001A6B43 /* SmoothFrame */ = {
			isa = PBXGroup;
			children = (
				8F2B8223289FDC25001A6B43 /* README.md */,
				8F2B8220289E1571001A6B43 /* SmoothFrame */,
				8F2B820C289E1568001A6B43 /* AppDelegate.swift */,
				8F2B820E289E1569001A6B43 /* SceneDelegate.swift */,
				8F2B8210289E1569001A6B43 /* ViewController.swift */,
				8F2B8212289E1569001A6B43 /* Main.storyboard */,
				8F2B8215289E156C001A6B43 /* Assets.xcassets */,
				8F2B8217289E156C001A6B43 /* LaunchScreen.storyboard */,
				8F2B821A289E156C001A6B43 /* Info.plist */,
			);
			path = SmoothFrame;
			sourceTree = "<group>";
		};
		8F2B8220289E1571001A6B43 /* SmoothFrame */ = {
			isa = PBXGroup;
			children = (
				8F2B8221289E1585001A6B43 /* SmoothFrame.swift */,
			);
			path = SmoothFrame;
			sourceTree = "<group>";
		};
/* End PBXGroup section */

/* Begin PBXNativeTarget section */
		8F2B8208289E1568001A6B43 /* SmoothFrame */ = {
			isa = PBXNativeTarget;
			buildConfigurationList = 8F2B821D289E156C001A6B43 /* Build configuration list for PBXNativeTarget "SmoothFrame" */;
			buildPhases = (
				8F2B8205289E1568001A6B43 /* Sources */,
				8F2B8206289E1568001A6B43 /* Frameworks */,
				8F2B8207289E1568001A6B43 /* Resources */,
			);
			buildRules = (
			);
			dependencies = (
			);
			name = SmoothFrame;
			productName = SmoothFrame;
			productReference = 8F2B8209289E1568001A6B43 /* SmoothFrame.app */;
			productType = "com.apple.product-type.application";
		};
/* End PBXNativeTarget section */

/* Begin PBXProject section */
		8F2B8201289E1568001A6B43 /* Project object */ = {
			isa = PBXProject;
			attributes = {
				BuildIndependentTargetsInParallel = 1;
				LastSwiftUpdateCheck = 1320;
				LastUpgradeCheck = 1320;
				TargetAttributes = {
					8F2B8208289E1568001A6B43 = {
						CreatedOnToolsVersion = 13.2.1;
					};
				};
			};
			buildConfigurationList = 8F2B8204289E1568001A6B43 /* Build configuration list for PBXProject "SmoothFrame" */;
			compatibilityVersion = "Xcode 13.0";
			developmentRegion = en;
			hasScannedForEncodings = 0;
			knownRegions = (
				en,
				Base,
			);
			mainGroup = 8F2B8200289E1568001A6B43;
			productRefGroup = 8F2B820A289E1568001A6B43 /* Products */;
			projectDirPath = "";
			projectRoot = "";
			targets = (
				8F2B8208289E1568001A6B43 /* SmoothFrame */,
			);
		};
/* End PBXProject section */

/* Begin PBXResourcesBuildPhase section */
		8F2B8207289E1568001A6B43 /* Resources */ = {
			isa = PBXResourcesBuildPhase;
			buildActionMask = 2147483647;
			files = (
				8F2B8219289E156C001A6B43 /* LaunchScreen.storyboard in Resources */,
				8F2B8216289E156C001A6B43 /* Assets.xcassets in Resources */,
				8F2B8224289FDC25001A6B43 /* README.md in Resources */,
				8F2B8214289E1569001A6B43 /* Main.storyboard in Resources */,
			);
			runOnlyForDeploymentPostprocessing = 0;
		};
/* End PBXResourcesBuildPhase section */

/* Begin PBXSourcesBuildPhase section */
		8F2B8205289E1568001A6B43 /* Sources */ = {
			isa = PBXSourcesBuildPhase;
			buildActionMask = 2147483647;
			files = (
				8F2B8211289E1569001A6B43 /* ViewController.swift in Sources */,
				8F2B8222289E1585001A6B43 /* SmoothFrame.swift in Sources */,
				8F2B820D289E1568001A6B43 /* AppDelegate.swift in Sources */,
				8F2B820F289E1569001A6B43 /* SceneDelegate.swift in Sources */,
			);
			runOnlyForDeploymentPostprocessing = 0;
		};
/* End PBXSourcesBuildPhase section */

/* Begin PBXVariantGroup section */
		8F2B8212289E1569001A6B43 /* Main.storyboard */ = {
			isa = PBXVariantGroup;
			children = (
				8F2B8213289E1569001A6B43 /* Base */,
			);
			name = Main.storyboard;
			sourceTree = "<group>";
		};
		8F2B8217289E156C001A6B43 /* LaunchScreen.storyboard */ = {
			isa = PBXVariantGroup;
			children = (
				8F2B8218289E156C001A6B43 /* Base */,
			);
			name = LaunchScreen.storyboard;
			sourceTree = "<group>";
		};
/* End PBXVariantGroup section */

/* Begin XCBuildConfiguration section */
		8F2B821B289E156C001A6B43 /* Debug */ = {
			isa = XCBuildConfiguration;
			buildSettings = {
				ALWAYS_SEARCH_USER_PATHS = NO;
				CLANG_ANALYZER_NONNULL = YES;
				CLANG_ANALYZER_NUMBER_OBJECT_CONVERSION = YES_AGGRESSIVE;
				CLANG_CXX_LANGUAGE_STANDARD = "gnu++17";
				CLANG_CXX_LIBRARY = "libc++";
				CLANG_ENABLE_MODULES = YES;
				CLANG_ENABLE_OBJC_ARC = YES;
				CLANG_ENABLE_OBJC_WEAK = YES;
				CLANG_WARN_BLOCK_CAPTURE_AUTORELEASING = YES;
				CLANG_WARN_BOOL_CONVERSION = YES;
				CLANG_WARN_COMMA = YES;
				CLANG_WARN_CONSTANT_CONVERSION = YES;
				CLANG_WARN_DEPRECATED_OBJC_IMPLEMENTATIONS = YES;
				CLANG_WARN_DIRECT_OBJC_ISA_USAGE = YES_ERROR;
				CLANG_WARN_DOCUMENTATION_COMMENTS = YES;
				CLANG_WARN_EMPTY_BODY = YES;
				CLANG_WARN_ENUM_CONVERSION = YES;
				CLANG_WARN_INFINITE_RECURSION = YES;
				CLANG_WARN_INT_CONVERSION = YES;
				CLANG_WARN_NON_LITERAL_NULL_CONVERSION = YES;
				CLANG_WARN_OBJC_IMPLICIT_RETAIN_SELF = YES;
				CLANG_WARN_OBJC_LITERAL_CONVERSION = YES;
				CLANG_WARN_OBJC_ROOT_CLASS = YES_ERROR;
				CLANG_WARN_QUOTED_INCLUDE_IN_FRAMEWORK_HEADER = YES;
				CLANG_WARN_RANGE_LOOP_ANALYSIS = YES;
				CLANG_WARN_STRICT_PROTOTYPES = YES;
				CLANG_WARN_SUSPICIOUS_MOVE = YES;
				CLANG_WARN_UNGUARDED_AVAILABILITY = YES_AGGRESSIVE;
				CLANG_WARN_UNREACHABLE_CODE = YES;
				CLANG_WARN__DUPLICATE_METHOD_MATCH = YES;
				COPY_PHASE_STRIP = NO;
				DEBUG_INFORMATION_FORMAT = dwarf;
				ENABLE_STRICT_OBJC_MSGSEND = YES;
				ENABLE_TESTABILITY = YES;
				GCC_C_LANGUAGE_STANDARD = gnu11;
				GCC_DYNAMIC_NO_PIC = NO;
				GCC_NO_COMMON_BLOCKS = YES;
				GCC_OPTIMIZATION_LEVEL = 0;
				GCC_PREPROCESSOR_DEFINITIONS = (
					"DEBUG=1",
					"$(inherited)",
				);
				GCC_WARN_64_TO_32_BIT_CONVERSION = YES;
				GCC_WARN_ABOUT_RETURN_TYPE = YES_ERROR;
				GCC_WARN_UNDECLARED_SELECTOR = YES;
				GCC_WARN_UNINITIALIZED_AUTOS = YES_AGGRESSIVE;
				GCC_WARN_UNUSED_FUNCTION = YES;
				GCC_WARN_UNUSED_VARIABLE = YES;
				IPHONEOS_DEPLOYMENT_TARGET = 15.2;
				MTL_ENABLE_DEBUG_INFO = INCLUDE_SOURCE;
				MTL_FAST_MATH = YES;
				ONLY_ACTIVE_ARCH = YES;
				SDKROOT = iphoneos;
				SWIFT_ACTIVE_COMPILATION_CONDITIONS = DEBUG;
				SWIFT_OPTIMIZATION_LEVEL = "-Onone";
			};
			name = Debug;
		};
		8F2B821C289E156C001A6B43 /* Release */ = {
			isa = XCBuildConfiguration;
			buildSettings = {
				ALWAYS_SEARCH_USER_PATHS = NO;
				CLANG_ANALYZER_NONNULL = YES;
				CLANG_ANALYZER_NUMBER_OBJECT_CONVERSION = YES_AGGRESSIVE;
				CLANG_CXX_LANGUAGE_STANDARD = "gnu++17";
				CLANG_CXX_LIBRARY = "libc++";
				CLANG_ENABLE_MODULES = YES;
				CLANG_ENABLE_OBJC_ARC = YES;
				CLANG_ENABLE_OBJC_WEAK = YES;
				CLANG_WARN_BLOCK_CAPTURE_AUTORELEASING = YES;
				CLANG_WARN_BOOL_CONVERSION = YES;
				CLANG_WARN_COMMA = YES;
				CLANG_WARN_CONSTANT_CONVERSION = YES;
				CLANG_WARN_DEPRECATED_OBJC_IMPLEMENTATIONS = YES;
				CLANG_WARN_DIRECT_OBJC_ISA_USAGE = YES_ERROR;
				CLANG_WARN_DOCUMENTATION_COMMENTS = YES;
				CLANG_WARN_EMPTY_BODY = YES;
				CLANG_WARN_ENUM_CONVERSION = YES;
				CLANG_WARN_INFINITE_RECURSION = YES;
				CLANG_WARN_INT_CONVERSION = YES;
				CLANG_WARN_NON_LITERAL_NULL_CONVERSION = YES;
				CLANG_WARN_OBJC_IMPLICIT_RETAIN_SELF = YES;
				CLANG_WARN_OBJC_LITERAL_CONVERSION = YES;
				CLANG_WARN_OBJC_ROOT_CLASS = YES_ERROR;
				CLANG_WARN_QUOTED_INCLUDE_IN_FRAMEWORK_HEADER = YES;
				CLANG_WARN_RANGE_LOOP_ANALYSIS = YES;
				CLANG_WARN_STRICT_PROTOTYPES = YES;
				CLANG_WARN_SUSPICIOUS_MOVE = YES;
				CLANG_WARN_UNGUARDED_AVAILABILITY = YES_AGGRESSIVE;
				CLANG_WARN_UNREACHABLE_CODE = YES;
				CLANG_WARN__DUPLICATE_METHOD_MATCH = YES;
				COPY_PHASE_STRIP = NO;
				DEBUG_INFORMATION_FORMAT = "dwarf-with-dsym";
				ENABLE_NS_ASSERTIONS = NO;
				ENABLE_STRICT_OBJC_MSGSEND = YES;
				GCC_C_LANGUAGE_STANDARD = gnu11;
				GCC_NO_COMMON_BLOCKS = YES;
				GCC_WARN_64_TO_32_BIT_CONVERSION = YES;
				GCC_WARN_ABOUT_RETURN_TYPE = YES_ERROR;
				GCC_WARN_UNDECLARED_SELECTOR = YES;
				GCC_WARN_UNINITIALIZED_AUTOS = YES_AGGRESSIVE;
				GCC_WARN_UNUSED_FUNCTION = YES;
				GCC_WARN_UNUSED_VARIABLE = YES;
				IPHONEOS_DEPLOYMENT_TARGET = 15.2;
				MTL_ENABLE_DEBUG_INFO = NO;
				MTL_FAST_MATH = YES;
				SDKROOT = iphoneos;
				SWIFT_COMPILATION_MODE = wholemodule;
				SWIFT_OPTIMIZATION_LEVEL = "-O";
				VALIDATE_PRODUCT = YES;
			};
			name = Release;
		};
		8F2B821E289E156C001A6B43 /* Debug */ = {
			isa = XCBuildConfiguration;
			buildSettings = {
				ASSETCATALOG_COMPILER_APPICON_NAME = AppIcon;
				ASSETCATALOG_COMPILER_GLOBAL_ACCENT_COLOR_NAME = AccentColor;
				CODE_SIGN_STYLE = Automatic;
				CURRENT_PROJECT_VERSION = 1;
				DEVELOPMENT_TEAM = 5D74XHX7AD;
				GENERATE_INFOPLIST_FILE = YES;
				INFOPLIST_FILE = SmoothFrame/Info.plist;
				INFOPLIST_KEY_UIApplicationSupportsIndirectInputEvents = YES;
				INFOPLIST_KEY_UILaunchStoryboardName = LaunchScreen;
				INFOPLIST_KEY_UIMainStoryboardFile = Main;
				INFOPLIST_KEY_UISupportedInterfaceOrientations_iPad = "UIInterfaceOrientationPortrait UIInterfaceOrientationPortraitUpsideDown UIInterfaceOrientationLandscapeLeft UIInterfaceOrientationLandscapeRight";
				INFOPLIST_KEY_UISupportedInterfaceOrientations_iPhone = "UIInterfaceOrientationPortrait UIInterfaceOrientationLandscapeLeft UIInterfaceOrientationLandscapeRight";
				LD_RUNPATH_SEARCH_PATHS = (
					"$(inherited)",
					"@executable_path/Frameworks",
				);
				MARKETING_VERSION = 1.0;
				PRODUCT_BUNDLE_IDENTIFIER = com.teason.SmoothFrame;
				PRODUCT_NAME = "$(TARGET_NAME)";
				SWIFT_EMIT_LOC_STRINGS = YES;
				SWIFT_VERSION = 5.0;
				TARGETED_DEVICE_FAMILY = "1,2";
			};
			name = Debug;
		};
		8F2B821F289E156C001A6B43 /* Release */ = {
			isa = XCBuildConfiguration;
			buildSettings = {
				ASSETCATALOG_COMPILER_APPICON_NAME = AppIcon;
				ASSETCATALOG_COMPILER_GLOBAL_ACCENT_COLOR_NAME = AccentColor;
				CODE_SIGN_STYLE = Automatic;
				CURRENT_PROJECT_VERSION = 1;
				DEVELOPMENT_TEAM = 5D74XHX7AD;
				GENERATE_INFOPLIST_FILE = YES;
				INFOPLIST_FILE = SmoothFrame/Info.plist;
				INFOPLIST_KEY_UIApplicationSupportsIndirectInputEvents = YES;
				INFOPLIST_KEY_UILaunchStoryboardName = LaunchScreen;
				INFOPLIST_KEY_UIMainStoryboardFile = Main;
				INFOPLIST_KEY_UISupportedInterfaceOrientations_iPad = "UIInterfaceOrientationPortrait UIInterfaceOrientationPortraitUpsideDown UIInterfaceOrientationLandscapeLeft UIInterfaceOrientationLandscapeRight";
				INFOPLIST_KEY_UISupportedInterfaceOrientations_iPhone = "UIInterfaceOrientationPortrait UIInterfaceOrientationLandscapeLeft UIInterfaceOrientationLandscapeRight";
				LD_RUNPATH_SEARCH_PATHS = (
					"$(inherited)",
					"@executable_path/Frameworks",
				);
				MARKETING_VERSION = 1.0;
				PRODUCT_BUNDLE_IDENTIFIER = com.teason.SmoothFrame;
				PRODUCT_NAME = "$(TARGET_NAME)";
				SWIFT_EMIT_LOC_STRINGS = YES;
				SWIFT_VERSION = 5.0;
				TARGETED_DEVICE_FAMILY = "1,2";
			};
			name = Release;
		};
/* End XCBuildConfiguration section */

/* Begin XCConfigurationList section */
		8F2B8204289E1568001A6B43 /* Build configuration list for PBXProject "SmoothFrame" */ = {
			isa = XCConfigurationList;
			buildConfigurations = (
				8F2B821B289E156C001A6B43 /* Debug */,
				8F2B821C289E156C001A6B43 /* Release */,
			);
			defaultConfigurationIsVisible = 0;
			defaultConfigurationName = Release;
		};
		8F2B821D289E156C001A6B43 /* Build configuration list for PBXNativeTarget "SmoothFrame" */ = {
			isa = XCConfigurationList;
			buildConfigurations = (
				8F2B821E289E156C001A6B43 /* Debug */,
				8F2B821F289E156C001A6B43 /* Release */,
			);
			defaultConfigurationIsVisible = 0;
			defaultConfigurationName = Release;
		};
/* End XCConfigurationList section */
	};
	rootObject = 8F2B8201289E1568001A6B43 /* Project object */;
}
